
Microsoft Visual Studio Solution File, Format Version 12.00
# Visual Studio 15
VisualStudioVersion = 15.0.27130.2010
MinimumVisualStudioVersion = 10.0.40219.1
Project("{FAE04EC0-301F-11D3-BF4B-00C04F79EFBC}") = "WindowsFormsAppDemo", "WindowsFormsAppDemo\WindowsFormsAppDemo.csproj", "{64B84DEE-33D5-4944-9B75-4892C6CA07A9}"
EndProject
Global
	GlobalSection(SolutionConfigurationPlatforms) = preSolution
		Debug|Any CPU = Debug|Any CPU
		Release|Any CPU = Release|Any CPU
	EndGlobalSection
	GlobalSection(ProjectConfigurationPlatforms) = postSolution
		{64B84DEE-33D5-4944-9B75-4892C6CA07A9}.Debug|Any CPU.ActiveCfg = Debug|Any CPU
		{64B84DEE-33D5-4944-9B75-4892C6CA07A9}.Debug|Any CPU.Build.0 = Debug|Any CPU
		{64B84DEE-33D5-4944-9B75-4892C6CA07A9}.Release|Any CPU.ActiveCfg = Release|Any CPU
		{64B84DEE-33D5-4944-9B75-4892C6CA07A9}.Release|Any CPU.Build.0 = Release|Any CPU
	EndGlobalSection
	GlobalSection(SolutionProperties) = preSolution
		HideSolutionNode = FALSE
	EndGlobalSection
	GlobalSection(ExtensibilityGlobals) = postSolution
		SolutionGuid = {184DF0A2-47E4-4584-8A71-6D5EE00079BE}
	EndGlobalSection
EndGlobal
