
Microsoft Visual Studio Solution File, Format Version 12.00
# Visual Studio 15
VisualStudioVersion = 15.0.27130.2010
MinimumVisualStudioVersion = 10.0.40219.1
Project("{FAE04EC0-301F-11D3-BF4B-00C04F79EFBC}") = "DemoSQLConnection", "DemoSQLConnection\DemoSQLConnection.csproj", "{25EAEF0D-D34E-42FA-AC5B-49CB6BDA0646}"
EndProject
Global
	GlobalSection(SolutionConfigurationPlatforms) = preSolution
		Debug|Any CPU = Debug|Any CPU
		Release|Any CPU = Release|Any CPU
	EndGlobalSection
	GlobalSection(ProjectConfigurationPlatforms) = postSolution
		{25EAEF0D-D34E-42FA-AC5B-49CB6BDA0646}.Debug|Any CPU.ActiveCfg = Debug|Any CPU
		{25EAEF0D-D34E-42FA-AC5B-49CB6BDA0646}.Debug|Any CPU.Build.0 = Debug|Any CPU
		{25EAEF0D-D34E-42FA-AC5B-49CB6BDA0646}.Release|Any CPU.ActiveCfg = Release|Any CPU
		{25EAEF0D-D34E-42FA-AC5B-49CB6BDA0646}.Release|Any CPU.Build.0 = Release|Any CPU
	EndGlobalSection
	GlobalSection(SolutionProperties) = preSolution
		HideSolutionNode = FALSE
	EndGlobalSection
	GlobalSection(ExtensibilityGlobals) = postSolution
		SolutionGuid = {18185A57-14AA-4C08-B745-B16815224387}
	EndGlobalSection
EndGlobal
