
Microsoft Visual Studio Solution File, Format Version 12.00
# Visual Studio 15
VisualStudioVersion = 15.0.27130.2010
MinimumVisualStudioVersion = 10.0.40219.1
Project("{FAE04EC0-301F-11D3-BF4B-00C04F79EFBC}") = "myClass", "myClass\myClass.csproj", "{39570B36-5E91-457B-AEA2-FB58BEAA5613}"
EndProject
Global
	GlobalSection(SolutionConfigurationPlatforms) = preSolution
		Debug|Any CPU = Debug|Any CPU
		Release|Any CPU = Release|Any CPU
	EndGlobalSection
	GlobalSection(ProjectConfigurationPlatforms) = postSolution
		{39570B36-5E91-457B-AEA2-FB58BEAA5613}.Debug|Any CPU.ActiveCfg = Debug|Any CPU
		{39570B36-5E91-457B-AEA2-FB58BEAA5613}.Debug|Any CPU.Build.0 = Debug|Any CPU
		{39570B36-5E91-457B-AEA2-FB58BEAA5613}.Release|Any CPU.ActiveCfg = Release|Any CPU
		{39570B36-5E91-457B-AEA2-FB58BEAA5613}.Release|Any CPU.Build.0 = Release|Any CPU
	EndGlobalSection
	GlobalSection(SolutionProperties) = preSolution
		HideSolutionNode = FALSE
	EndGlobalSection
	GlobalSection(ExtensibilityGlobals) = postSolution
		SolutionGuid = {245EBD01-1A65-4383-BBB5-2B552AC3111F}
	EndGlobalSection
EndGlobal
